PODS:
  - camera (0.0.1):
    - Flutter
  - Flutter (1.0.0)
  - image_picker_ios (0.0.1):
    - Flutter
  - native_opencv (0.0.1):
    - Flutter
  - path_provider_ios (0.0.1):
    - Flutter
  - TensorFlowLiteC (2.2.0)
  - tflite (1.1.2):
    - Flutter
    - TensorFlowLiteC

DEPENDENCIES:
  - camera (from `.symlinks/plugins/camera/ios`)
  - Flutter (from `Flutter`)
  - image_picker_ios (from `.symlinks/plugins/image_picker_ios/ios`)
  - native_opencv (from `.symlinks/plugins/native_opencv/ios`)
  - path_provider_ios (from `.symlinks/plugins/path_provider_ios/ios`)
  - tflite (from `.symlinks/plugins/tflite/ios`)

SPEC REPOS:
  trunk:
    - TensorFlowLiteC

EXTERNAL SOURCES:
  camera:
    :path: ".symlinks/plugins/camera/ios"
  Flutter:
    :path: Flutter
  image_picker_ios:
    :path: ".symlinks/plugins/image_picker_ios/ios"
  native_opencv:
    :path: ".symlinks/plugins/native_opencv/ios"
  path_provider_ios:
    :path: ".symlinks/plugins/path_provider_ios/ios"
  tflite:
    :path: ".symlinks/plugins/tflite/ios"

SPEC CHECKSUMS:
  camera: 9993f92f2c793e87b65e35f3a23c70582afb05b1
  Flutter: 50d75fe2f02b26cc09d224853bb45737f8b3214a
  image_picker_ios: b786a5dcf033a8336a657191401bfdf12017dabb
  native_opencv: 5e76621cb205ad08d36470b4707387c311148274
  path_provider_ios: 14f3d2fd28c4fdb42f44e0f751d12861c43cee02
  TensorFlowLiteC: b3ab9e867b0b71052ca102a32a786555b330b02e
  tflite: 7acd11db0915e2d90ab90474413068568eb605f0

PODFILE CHECKSUM: aafe91acc616949ddb318b77800a7f51bffa2a4c

COCOAPODS: 1.11.2
